
Microsoft Visual Studio Solution File, Format Version 12.00
# Visual Studio Version 17
VisualStudioVersion = 17.0.31825.309
MinimumVisualStudioVersion = 10.0.40219.1
Project("{9A19103F-16F7-4668-BE54-9A1E7A4F7556}") = "CCore.Net", "CCore.Net\CCore.Net.csproj", "{8FE28DA3-6C27-4948-97D2-E3E82B231CE0}"
EndProject
Project("{9A19103F-16F7-4668-BE54-9A1E7A4F7556}") = "CCore.Net.Test", "CCore.Net.Test\CCore.Net.Test.csproj", "{7988F403-5DFE-4B3D-9A99-85DF82A4FB66}"
EndProject
Global
	GlobalSection(SolutionConfigurationPlatforms) = preSolution
		Debug|Any CPU = Debug|Any CPU
		Release|Any CPU = Release|Any CPU
	EndGlobalSection
	GlobalSection(ProjectConfigurationPlatforms) = postSolution
		{8FE28DA3-6C27-4948-97D2-E3E82B231CE0}.Debug|Any CPU.ActiveCfg = Debug|Any CPU
		{8FE28DA3-6C27-4948-97D2-E3E82B231CE0}.Debug|Any CPU.Build.0 = Debug|Any CPU
		{8FE28DA3-6C27-4948-97D2-E3E82B231CE0}.Release|Any CPU.ActiveCfg = Release|Any CPU
		{8FE28DA3-6C27-4948-97D2-E3E82B231CE0}.Release|Any CPU.Build.0 = Release|Any CPU
		{7988F403-5DFE-4B3D-9A99-85DF82A4FB66}.Debug|Any CPU.ActiveCfg = Debug|Any CPU
		{7988F403-5DFE-4B3D-9A99-85DF82A4FB66}.Debug|Any CPU.Build.0 = Debug|Any CPU
		{7988F403-5DFE-4B3D-9A99-85DF82A4FB66}.Release|Any CPU.ActiveCfg = Release|Any CPU
		{7988F403-5DFE-4B3D-9A99-85DF82A4FB66}.Release|Any CPU.Build.0 = Release|Any CPU
	EndGlobalSection
	GlobalSection(SolutionProperties) = preSolution
		HideSolutionNode = FALSE
	EndGlobalSection
	GlobalSection(ExtensibilityGlobals) = postSolution
		SolutionGuid = {8E9A816F-F2DB-4E73-8F36-C2B06252B7BD}
	EndGlobalSection
EndGlobal
